
Microsoft Visual Studio Solution File, Format Version 12.00
# Visual Studio 15
VisualStudioVersion = 15.0.28307.852
MinimumVisualStudioVersion = 10.0.40219.1
Project("{FAE04EC0-301F-11D3-BF4B-00C04F79EFBC}") = "CarReservationMOMConsumer", "CarReservationMOMConsumer\CarReservationMOMConsumer.csproj", "{802E78A6-F7F8-4630-BFA1-829AFE0AAC7D}"
EndProject
Project("{FAE04EC0-301F-11D3-BF4B-00C04F79EFBC}") = "CarReservationMOMProducer", "CarReservationMOMProducer\CarReservationMOMProducer.csproj", "{305997C2-1C08-4D10-9746-76223A3D623E}"
EndProject
Global
	GlobalSection(SolutionConfigurationPlatforms) = preSolution
		Debug|Any CPU = Debug|Any CPU
		Release|Any CPU = Release|Any CPU
	EndGlobalSection
	GlobalSection(ProjectConfigurationPlatforms) = postSolution
		{802E78A6-F7F8-4630-BFA1-829AFE0AAC7D}.Debug|Any CPU.ActiveCfg = Debug|Any CPU
		{802E78A6-F7F8-4630-BFA1-829AFE0AAC7D}.Debug|Any CPU.Build.0 = Debug|Any CPU
		{802E78A6-F7F8-4630-BFA1-829AFE0AAC7D}.Release|Any CPU.ActiveCfg = Release|Any CPU
		{802E78A6-F7F8-4630-BFA1-829AFE0AAC7D}.Release|Any CPU.Build.0 = Release|Any CPU
		{305997C2-1C08-4D10-9746-76223A3D623E}.Debug|Any CPU.ActiveCfg = Debug|Any CPU
		{305997C2-1C08-4D10-9746-76223A3D623E}.Debug|Any CPU.Build.0 = Debug|Any CPU
		{305997C2-1C08-4D10-9746-76223A3D623E}.Release|Any CPU.ActiveCfg = Release|Any CPU
		{305997C2-1C08-4D10-9746-76223A3D623E}.Release|Any CPU.Build.0 = Release|Any CPU
	EndGlobalSection
	GlobalSection(SolutionProperties) = preSolution
		HideSolutionNode = FALSE
	EndGlobalSection
	GlobalSection(ExtensibilityGlobals) = postSolution
		SolutionGuid = {3408DF33-50EC-4C96-83CA-3A02920E5AA9}
	EndGlobalSection
EndGlobal
